version: 1.0
shards:
  db:
    github: crystal-lang/crystal-db
    version: 0.5.0

  kemal:
    github: kemalcr/kemal
    commit: 73045bb13855968ba4ce9cc8aed3b061edd66585

  kilt:
    github: jeromegn/kilt
    version: 0.4.0

  radix:
    github: luislavena/radix
    version: 0.3.8

  remarkdown:
    github: huacnlee/remarkdown
    commit: 35aa7b98919a444090fa5c55c96d09ac86d07805

  sqlite3:
    github: crystal-lang/crystal-sqlite3
    commit: 13916070e0fd6f93cccdd72f020acfded8d1e8dd

