version: 1.0
shards:
  db:
    github: crystal-lang/crystal-db
    version: 0.5.0

  exception_page:
    github: crystal-loot/exception_page
    version: 0.1.1

  kemal:
    github: kemalcr/kemal
    commit: 9448360eac4273919c2bb6d2517a7234844aec2f

  kilt:
    github: jeromegn/kilt
    version: 0.4.0

  radix:
    github: luislavena/radix
    version: 0.3.8

  remarkdown:
    github: huacnlee/remarkdown
    commit: 35aa7b98919a444090fa5c55c96d09ac86d07805

  sqlite3:
    github: crystal-lang/crystal-sqlite3
    commit: 215244174952ce709e4ca04c881564efe0e2e25a

